
Microsoft Visual Studio Solution File, Format Version 12.00
# Visual Studio Version 17
VisualStudioVersion = 17.5.33530.505
MinimumVisualStudioVersion = 10.0.40219.1
Project("{FAE04EC0-301F-11D3-BF4B-00C04F79EFBC}") = "Battleship_college", "Battleship_college\Battleship_college.csproj", "{7665ADBF-77F0-479D-857A-371AB991BD56}"
EndProject
Global
	GlobalSection(SolutionConfigurationPlatforms) = preSolution
		Debug|Any CPU = Debug|Any CPU
		Release|Any CPU = Release|Any CPU
	EndGlobalSection
	GlobalSection(ProjectConfigurationPlatforms) = postSolution
		{7665ADBF-77F0-479D-857A-371AB991BD56}.Debug|Any CPU.ActiveCfg = Debug|Any CPU
		{7665ADBF-77F0-479D-857A-371AB991BD56}.Debug|Any CPU.Build.0 = Debug|Any CPU
		{7665ADBF-77F0-479D-857A-371AB991BD56}.Release|Any CPU.ActiveCfg = Release|Any CPU
		{7665ADBF-77F0-479D-857A-371AB991BD56}.Release|Any CPU.Build.0 = Release|Any CPU
	EndGlobalSection
	GlobalSection(SolutionProperties) = preSolution
		HideSolutionNode = FALSE
	EndGlobalSection
	GlobalSection(ExtensibilityGlobals) = postSolution
		SolutionGuid = {BEC48CE0-A488-4FD3-B336-C7BCD635CCC6}
	EndGlobalSection
EndGlobal
